
Microsoft Visual Studio Solution File, Format Version 12.00
Project("{FAE04EC0-301F-11D3-BF4B-00C04F79EFBC}") = "MovieDB.Api", "MovieDB.Api\MovieDB.Api.csproj", "{4F9B3ED2-9549-4AD0-981F-1EFB235AD9F8}"
EndProject
Project("{2150E333-8FDC-42A3-9474-1A3956D46DE8}") = "Solution Items", "Solution Items", "{569A8647-6BA1-4C6E-B6AA-8AF5F2AB6442}"
	ProjectSection(SolutionItems) = preProject
		docker-compose.yml = docker-compose.yml
	EndProjectSection
EndProject
Project("{FAE04EC0-301F-11D3-BF4B-00C04F79EFBC}") = "MovieDB.UnitTest", "MovieDB.UnitTest\MovieDB.UnitTest.csproj", "{4B1E2C55-3B6C-421E-96A8-B85F4193A423}"
EndProject
Project("{FAE04EC0-301F-11D3-BF4B-00C04F79EFBC}") = "MovieDB.Persistence", "MovieDB.Persistence\MovieDB.Persistence.csproj", "{9AA967E3-6654-4A84-BE36-AF1FDC74EA22}"
EndProject
Project("{FAE04EC0-301F-11D3-BF4B-00C04F79EFBC}") = "MovieDB.Core", "MovieDB.Core\MovieDB.Core.csproj", "{B0CA179A-FEAE-46A5-88A6-719DDAF05203}"
EndProject
Project("{2150E333-8FDC-42A3-9474-1A3956D46DE8}") = "Test", "Test", "{A73FD4DB-B301-48DD-A8BD-B38164F1C7CE}"
EndProject
Project("{FAE04EC0-301F-11D3-BF4B-00C04F79EFBC}") = "MovieDB.IntegrationTest", "MovieDB.IntegrationTest\MovieDB.IntegrationTest.csproj", "{04AF7EE4-0007-410F-B5DD-E5E3FFFD0CA1}"
EndProject
Project("{2150E333-8FDC-42A3-9474-1A3956D46DE8}") = "Core", "Core", "{3C19E14F-B980-415B-93E3-E2CB0525A631}"
EndProject
Project("{FAE04EC0-301F-11D3-BF4B-00C04F79EFBC}") = "MovieDB.Services", "MovieDB.Services\MovieDB.Services.csproj", "{C9D19E13-6C6D-4A31-8058-B8B04EBA4B8F}"
EndProject
Project("{FAE04EC0-301F-11D3-BF4B-00C04F79EFBC}") = "MovieDB.Services.Abstractions", "MovieDB.Services.Abstractions\MovieDB.Services.Abstractions.csproj", "{4BAA4621-E050-46F6-A285-72E3E436ED65}"
EndProject
Project("{2150E333-8FDC-42A3-9474-1A3956D46DE8}") = "Infrastructure", "Infrastructure", "{11AA9319-0C8F-4241-BC9D-D707A1824083}"
EndProject
Project("{FAE04EC0-301F-11D3-BF4B-00C04F79EFBC}") = "MovieDB.Shared", "MovieDB.Shared\MovieDB.Shared.csproj", "{D10FD867-5079-47CA-93D9-05B15C0E564B}"
EndProject
Project("{FAE04EC0-301F-11D3-BF4B-00C04F79EFBC}") = "MovieDb.HttpClient", "MovieDb.HttpClient\MovieDb.HttpClient.csproj", "{2D4C693B-120C-49B2-AE66-0985898D4F45}"
EndProject
Project("{FAE04EC0-301F-11D3-BF4B-00C04F79EFBC}") = "MovieDB.Caching", "MovieDB.Caching\MovieDB.Caching.csproj", "{83ADED24-C713-4219-9159-FAA5BDEAF505}"
EndProject
Global
	GlobalSection(SolutionConfigurationPlatforms) = preSolution
		Debug|Any CPU = Debug|Any CPU
		Release|Any CPU = Release|Any CPU
	EndGlobalSection
	GlobalSection(ProjectConfigurationPlatforms) = postSolution
		{4F9B3ED2-9549-4AD0-981F-1EFB235AD9F8}.Debug|Any CPU.ActiveCfg = Debug|Any CPU
		{4F9B3ED2-9549-4AD0-981F-1EFB235AD9F8}.Debug|Any CPU.Build.0 = Debug|Any CPU
		{4F9B3ED2-9549-4AD0-981F-1EFB235AD9F8}.Release|Any CPU.ActiveCfg = Release|Any CPU
		{4F9B3ED2-9549-4AD0-981F-1EFB235AD9F8}.Release|Any CPU.Build.0 = Release|Any CPU
		{4B1E2C55-3B6C-421E-96A8-B85F4193A423}.Debug|Any CPU.ActiveCfg = Debug|Any CPU
		{4B1E2C55-3B6C-421E-96A8-B85F4193A423}.Debug|Any CPU.Build.0 = Debug|Any CPU
		{4B1E2C55-3B6C-421E-96A8-B85F4193A423}.Release|Any CPU.ActiveCfg = Release|Any CPU
		{4B1E2C55-3B6C-421E-96A8-B85F4193A423}.Release|Any CPU.Build.0 = Release|Any CPU
		{9AA967E3-6654-4A84-BE36-AF1FDC74EA22}.Debug|Any CPU.ActiveCfg = Debug|Any CPU
		{9AA967E3-6654-4A84-BE36-AF1FDC74EA22}.Debug|Any CPU.Build.0 = Debug|Any CPU
		{9AA967E3-6654-4A84-BE36-AF1FDC74EA22}.Release|Any CPU.ActiveCfg = Release|Any CPU
		{9AA967E3-6654-4A84-BE36-AF1FDC74EA22}.Release|Any CPU.Build.0 = Release|Any CPU
		{B0CA179A-FEAE-46A5-88A6-719DDAF05203}.Debug|Any CPU.ActiveCfg = Debug|Any CPU
		{B0CA179A-FEAE-46A5-88A6-719DDAF05203}.Debug|Any CPU.Build.0 = Debug|Any CPU
		{B0CA179A-FEAE-46A5-88A6-719DDAF05203}.Release|Any CPU.ActiveCfg = Release|Any CPU
		{B0CA179A-FEAE-46A5-88A6-719DDAF05203}.Release|Any CPU.Build.0 = Release|Any CPU
		{04AF7EE4-0007-410F-B5DD-E5E3FFFD0CA1}.Debug|Any CPU.ActiveCfg = Debug|Any CPU
		{04AF7EE4-0007-410F-B5DD-E5E3FFFD0CA1}.Debug|Any CPU.Build.0 = Debug|Any CPU
		{04AF7EE4-0007-410F-B5DD-E5E3FFFD0CA1}.Release|Any CPU.ActiveCfg = Release|Any CPU
		{04AF7EE4-0007-410F-B5DD-E5E3FFFD0CA1}.Release|Any CPU.Build.0 = Release|Any CPU
		{C9D19E13-6C6D-4A31-8058-B8B04EBA4B8F}.Debug|Any CPU.ActiveCfg = Debug|Any CPU
		{C9D19E13-6C6D-4A31-8058-B8B04EBA4B8F}.Debug|Any CPU.Build.0 = Debug|Any CPU
		{C9D19E13-6C6D-4A31-8058-B8B04EBA4B8F}.Release|Any CPU.ActiveCfg = Release|Any CPU
		{C9D19E13-6C6D-4A31-8058-B8B04EBA4B8F}.Release|Any CPU.Build.0 = Release|Any CPU
		{4BAA4621-E050-46F6-A285-72E3E436ED65}.Debug|Any CPU.ActiveCfg = Debug|Any CPU
		{4BAA4621-E050-46F6-A285-72E3E436ED65}.Debug|Any CPU.Build.0 = Debug|Any CPU
		{4BAA4621-E050-46F6-A285-72E3E436ED65}.Release|Any CPU.ActiveCfg = Release|Any CPU
		{4BAA4621-E050-46F6-A285-72E3E436ED65}.Release|Any CPU.Build.0 = Release|Any CPU
		{D10FD867-5079-47CA-93D9-05B15C0E564B}.Debug|Any CPU.ActiveCfg = Debug|Any CPU
		{D10FD867-5079-47CA-93D9-05B15C0E564B}.Debug|Any CPU.Build.0 = Debug|Any CPU
		{D10FD867-5079-47CA-93D9-05B15C0E564B}.Release|Any CPU.ActiveCfg = Release|Any CPU
		{D10FD867-5079-47CA-93D9-05B15C0E564B}.Release|Any CPU.Build.0 = Release|Any CPU
		{2D4C693B-120C-49B2-AE66-0985898D4F45}.Debug|Any CPU.ActiveCfg = Debug|Any CPU
		{2D4C693B-120C-49B2-AE66-0985898D4F45}.Debug|Any CPU.Build.0 = Debug|Any CPU
		{2D4C693B-120C-49B2-AE66-0985898D4F45}.Release|Any CPU.ActiveCfg = Release|Any CPU
		{2D4C693B-120C-49B2-AE66-0985898D4F45}.Release|Any CPU.Build.0 = Release|Any CPU
		{83ADED24-C713-4219-9159-FAA5BDEAF505}.Debug|Any CPU.ActiveCfg = Debug|Any CPU
		{83ADED24-C713-4219-9159-FAA5BDEAF505}.Debug|Any CPU.Build.0 = Debug|Any CPU
		{83ADED24-C713-4219-9159-FAA5BDEAF505}.Release|Any CPU.ActiveCfg = Release|Any CPU
		{83ADED24-C713-4219-9159-FAA5BDEAF505}.Release|Any CPU.Build.0 = Release|Any CPU
	EndGlobalSection
	GlobalSection(NestedProjects) = preSolution
		{4B1E2C55-3B6C-421E-96A8-B85F4193A423} = {A73FD4DB-B301-48DD-A8BD-B38164F1C7CE}
		{04AF7EE4-0007-410F-B5DD-E5E3FFFD0CA1} = {A73FD4DB-B301-48DD-A8BD-B38164F1C7CE}
		{B0CA179A-FEAE-46A5-88A6-719DDAF05203} = {3C19E14F-B980-415B-93E3-E2CB0525A631}
		{C9D19E13-6C6D-4A31-8058-B8B04EBA4B8F} = {3C19E14F-B980-415B-93E3-E2CB0525A631}
		{4BAA4621-E050-46F6-A285-72E3E436ED65} = {3C19E14F-B980-415B-93E3-E2CB0525A631}
		{9AA967E3-6654-4A84-BE36-AF1FDC74EA22} = {11AA9319-0C8F-4241-BC9D-D707A1824083}
		{2D4C693B-120C-49B2-AE66-0985898D4F45} = {11AA9319-0C8F-4241-BC9D-D707A1824083}
		{83ADED24-C713-4219-9159-FAA5BDEAF505} = {11AA9319-0C8F-4241-BC9D-D707A1824083}
	EndGlobalSection
EndGlobal
